// !$*UTF8*$!
{
	archiveVersion = 1;
	classes = {
	};
	objectVersion = 50;
	objects = {

/* Begin PBXBuildFile section */
		3355D4B926F4D28400A53C5F /* MainCollectionViewCell.swift in Sources */ = {isa = PBXBuildFile; fileRef = 3355D4B826F4D28400A53C5F /* MainCollectionViewCell.swift */; };
		3355D4BB26F4D28F00A53C5F /* MainCategoryViewController.swift in Sources */ = {isa = PBXBuildFile; fileRef = 3355D4BA26F4D28F00A53C5F /* MainCategoryViewController.swift */; };
		3355D4BD26F4D29500A53C5F /* AddCategoryViewController.swift in Sources */ = {isa = PBXBuildFile; fileRef = 3355D4BC26F4D29500A53C5F /* AddCategoryViewController.swift */; };
		33BE61EA26F7387D00B0F99A /* CategoryCollectionViewCell.swift in Sources */ = {isa = PBXBuildFile; fileRef = 33BE61E926F7387D00B0F99A /* CategoryCollectionViewCell.swift */; };
		33FDAB8826F8B39800F46D6F /* Data.swift in Sources */ = {isa = PBXBuildFile; fileRef = 33FDAB8726F8B39800F46D6F /* Data.swift */; };
		33FDAB8A26F8B93400F46D6F /* DeleteCategoryViewController.swift in Sources */ = {isa = PBXBuildFile; fileRef = 33FDAB8926F8B93400F46D6F /* DeleteCategoryViewController.swift */; };
		33FDAB8C26F8B98B00F46D6F /* DeleteTableViewCell.swift in Sources */ = {isa = PBXBuildFile; fileRef = 33FDAB8B26F8B98B00F46D6F /* DeleteTableViewCell.swift */; };
		33FDAB8E26F8CACF00F46D6F /* 구분용2.swift in Sources */ = {isa = PBXBuildFile; fileRef = 33FDAB8D26F8CACF00F46D6F /* 구분용2.swift */; };
		33FDAB9026F8CAE500F46D6F /* 구분용1.swift in Sources */ = {isa = PBXBuildFile; fileRef = 33FDAB8F26F8CAE500F46D6F /* 구분용1.swift */; };
		380585CE26E7467000031956 /* AppDelegate.swift in Sources */ = {isa = PBXBuildFile; fileRef = 380585CD26E7467000031956 /* AppDelegate.swift */; };
		380585D026E7467000031956 /* SceneDelegate.swift in Sources */ = {isa = PBXBuildFile; fileRef = 380585CF26E7467000031956 /* SceneDelegate.swift */; };
		380585D226E7467000031956 /* MainPageViewController.swift in Sources */ = {isa = PBXBuildFile; fileRef = 380585D126E7467000031956 /* MainPageViewController.swift */; };
		380585D726E7467200031956 /* Assets.xcassets in Resources */ = {isa = PBXBuildFile; fileRef = 380585D626E7467200031956 /* Assets.xcassets */; };
		380585DA26E7467200031956 /* LaunchScreen.storyboard in Resources */ = {isa = PBXBuildFile; fileRef = 380585D826E7467200031956 /* LaunchScreen.storyboard */; };
		380585E526E749C000031956 /* MemoEditViewController.swift in Sources */ = {isa = PBXBuildFile; fileRef = 380585E426E749C000031956 /* MemoEditViewController.swift */; };
		380585E726E749E000031956 /* CategoryEditViewController.swift in Sources */ = {isa = PBXBuildFile; fileRef = 380585E626E749E000031956 /* CategoryEditViewController.swift */; };
		380E88F126F9E968005F6F6D /* Main.storyboard in Resources */ = {isa = PBXBuildFile; fileRef = 380E88F026F9E968005F6F6D /* Main.storyboard */; };
		3891D94626FC1A5F00EA9271 /* MemoEdit.storyboard in Resources */ = {isa = PBXBuildFile; fileRef = 3891D94526FC1A5F00EA9271 /* MemoEdit.storyboard */; };
		3891D94826FCC12000EA9271 /* Memo.swift in Sources */ = {isa = PBXBuildFile; fileRef = 3891D94726FCC12000EA9271 /* Memo.swift */; };
		3891D94A26FCC49D00EA9271 /* CoreDataManager.swift in Sources */ = {isa = PBXBuildFile; fileRef = 3891D94926FCC49D00EA9271 /* CoreDataManager.swift */; };
		38A42E5426F21E6000044ADC /* Memo.xcdatamodeld in Sources */ = {isa = PBXBuildFile; fileRef = 38A42E5226F21E6000044ADC /* Memo.xcdatamodeld */; };
		5334DB8C26F1EB7500B31CAE /* MemoListViewController.swift in Sources */ = {isa = PBXBuildFile; fileRef = 5334DB8B26F1EB7500B31CAE /* MemoListViewController.swift */; };
		5334DB8E26F1EB9E00B31CAE /* MemoListTableViewCell.swift in Sources */ = {isa = PBXBuildFile; fileRef = 5334DB8D26F1EB9E00B31CAE /* MemoListTableViewCell.swift */; };
/* End PBXBuildFile section */

/* Begin PBXFileReference section */
		3355D4B826F4D28400A53C5F /* MainCollectionViewCell.swift */ = {isa = PBXFileReference; fileEncoding = 4; lastKnownFileType = sourcecode.swift; path = MainCollectionViewCell.swift; sourceTree = "<group>"; };
		3355D4BA26F4D28F00A53C5F /* MainCategoryViewController.swift */ = {isa = PBXFileReference; fileEncoding = 4; lastKnownFileType = sourcecode.swift; path = MainCategoryViewController.swift; sourceTree = "<group>"; };
		3355D4BC26F4D29500A53C5F /* AddCategoryViewController.swift */ = {isa = PBXFileReference; fileEncoding = 4; lastKnownFileType = sourcecode.swift; path = AddCategoryViewController.swift; sourceTree = "<group>"; };
		33BE61E926F7387D00B0F99A /* CategoryCollectionViewCell.swift */ = {isa = PBXFileReference; lastKnownFileType = sourcecode.swift; path = CategoryCollectionViewCell.swift; sourceTree = "<group>"; };
		33FDAB8726F8B39800F46D6F /* Data.swift */ = {isa = PBXFileReference; lastKnownFileType = sourcecode.swift; path = Data.swift; sourceTree = "<group>"; };
		33FDAB8926F8B93400F46D6F /* DeleteCategoryViewController.swift */ = {isa = PBXFileReference; lastKnownFileType = sourcecode.swift; path = DeleteCategoryViewController.swift; sourceTree = "<group>"; };
		33FDAB8B26F8B98B00F46D6F /* DeleteTableViewCell.swift */ = {isa = PBXFileReference; lastKnownFileType = sourcecode.swift; path = DeleteTableViewCell.swift; sourceTree = "<group>"; };
		33FDAB8D26F8CACF00F46D6F /* 구분용2.swift */ = {isa = PBXFileReference; lastKnownFileType = sourcecode.swift; path = "구분용2.swift"; sourceTree = "<group>"; };
		33FDAB8F26F8CAE500F46D6F /* 구분용1.swift */ = {isa = PBXFileReference; lastKnownFileType = sourcecode.swift; path = "구분용1.swift"; sourceTree = "<group>"; };
		380585CA26E7467000031956 /* StudyMemo.app */ = {isa = PBXFileReference; explicitFileType = wrapper.application; includeInIndex = 0; path = StudyMemo.app; sourceTree = BUILT_PRODUCTS_DIR; };
		380585CD26E7467000031956 /* AppDelegate.swift */ = {isa = PBXFileReference; lastKnownFileType = sourcecode.swift; path = AppDelegate.swift; sourceTree = "<group>"; };
		380585CF26E7467000031956 /* SceneDelegate.swift */ = {isa = PBXFileReference; lastKnownFileType = sourcecode.swift; path = SceneDelegate.swift; sourceTree = "<group>"; };
		380585D126E7467000031956 /* MainPageViewController.swift */ = {isa = PBXFileReference; lastKnownFileType = sourcecode.swift; path = MainPageViewController.swift; sourceTree = "<group>"; };
		380585D626E7467200031956 /* Assets.xcassets */ = {isa = PBXFileReference; lastKnownFileType = folder.assetcatalog; path = Assets.xcassets; sourceTree = "<group>"; };
		380585D926E7467200031956 /* Base */ = {isa = PBXFileReference; lastKnownFileType = file.storyboard; name = Base; path = Base.lproj/LaunchScreen.storyboard; sourceTree = "<group>"; };
		380585DB26E7467200031956 /* Info.plist */ = {isa = PBXFileReference; lastKnownFileType = text.plist.xml; path = Info.plist; sourceTree = "<group>"; };
		380585E426E749C000031956 /* MemoEditViewController.swift */ = {isa = PBXFileReference; lastKnownFileType = sourcecode.swift; path = MemoEditViewController.swift; sourceTree = "<group>"; };
		380585E626E749E000031956 /* CategoryEditViewController.swift */ = {isa = PBXFileReference; lastKnownFileType = sourcecode.swift; path = CategoryEditViewController.swift; sourceTree = "<group>"; };
		380E88F026F9E968005F6F6D /* Main.storyboard */ = {isa = PBXFileReference; lastKnownFileType = file.storyboard; path = Main.storyboard; sourceTree = "<group>"; };
		3891D94526FC1A5F00EA9271 /* MemoEdit.storyboard */ = {isa = PBXFileReference; lastKnownFileType = file.storyboard; path = MemoEdit.storyboard; sourceTree = "<group>"; };
		3891D94726FCC12000EA9271 /* Memo.swift */ = {isa = PBXFileReference; lastKnownFileType = sourcecode.swift; path = Memo.swift; sourceTree = "<group>"; };
		3891D94926FCC49D00EA9271 /* CoreDataManager.swift */ = {isa = PBXFileReference; fileEncoding = 4; lastKnownFileType = sourcecode.swift; path = CoreDataManager.swift; sourceTree = "<group>"; };
		38A42E5326F21E6000044ADC /* Memo.xcdatamodel */ = {isa = PBXFileReference; lastKnownFileType = wrapper.xcdatamodel; path = Memo.xcdatamodel; sourceTree = "<group>"; };
		5334DB8B26F1EB7500B31CAE /* MemoListViewController.swift */ = {isa = PBXFileReference; lastKnownFileType = sourcecode.swift; path = MemoListViewController.swift; sourceTree = "<group>"; };
		5334DB8D26F1EB9E00B31CAE /* MemoListTableViewCell.swift */ = {isa = PBXFileReference; lastKnownFileType = sourcecode.swift; path = MemoListTableViewCell.swift; sourceTree = "<group>"; };
/* End PBXFileReference section */

/* Begin PBXFrameworksBuildPhase section */
		380585C726E7467000031956 /* Frameworks */ = {
			isa = PBXFrameworksBuildPhase;
			buildActionMask = 2147483647;
			files = (
			);
			runOnlyForDeploymentPostprocessing = 0;
		};
/* End PBXFrameworksBuildPhase section */

/* Begin PBXGroup section */
		380585C126E7467000031956 = {
			isa = PBXGroup;
			children = (
				380585CC26E7467000031956 /* StudyMemo */,
				380585CB26E7467000031956 /* Products */,
			);
			sourceTree = "<group>";
		};
		380585CB26E7467000031956 /* Products */ = {
			isa = PBXGroup;
			children = (
				380585CA26E7467000031956 /* StudyMemo.app */,
			);
			name = Products;
			sourceTree = "<group>";
		};
		380585CC26E7467000031956 /* StudyMemo */ = {
			isa = PBXGroup;
			children = (
				380585EB26E74A0600031956 /* Controller */,
				380585EA26E74A0000031956 /* View */,
				380585E826E749F100031956 /* Model */,
				3891D94426FC1A2F00EA9271 /* Storyboard */,
				380585CF26E7467000031956 /* SceneDelegate.swift */,
				380585CD26E7467000031956 /* AppDelegate.swift */,
				380585DB26E7467200031956 /* Info.plist */,
			);
			path = StudyMemo;
			sourceTree = "<group>";
		};
		380585E126E7498D00031956 /* ViewController */ = {
			isa = PBXGroup;
			children = (
				3355D4BA26F4D28F00A53C5F /* MainCategoryViewController.swift */,
				3355D4BC26F4D29500A53C5F /* AddCategoryViewController.swift */,
				33FDAB8926F8B93400F46D6F /* DeleteCategoryViewController.swift */,
				33FDAB8F26F8CAE500F46D6F /* 구분용1.swift */,
				380585D126E7467000031956 /* MainPageViewController.swift */,
				380585E426E749C000031956 /* MemoEditViewController.swift */,
				5334DB8B26F1EB7500B31CAE /* MemoListViewController.swift */,
				380585E626E749E000031956 /* CategoryEditViewController.swift */,
			);
			path = ViewController;
			sourceTree = "<group>";
		};
		380585E826E749F100031956 /* Model */ = {
			isa = PBXGroup;
			children = (
				380585D626E7467200031956 /* Assets.xcassets */,
				38A42E5226F21E6000044ADC /* Memo.xcdatamodeld */,
				3891D94926FCC49D00EA9271 /* CoreDataManager.swift */,
				33FDAB8726F8B39800F46D6F /* Data.swift */,
				3891D94726FCC12000EA9271 /* Memo.swift */,
			);
			path = Model;
			sourceTree = "<group>";
		};
		380585EA26E74A0000031956 /* View */ = {
			isa = PBXGroup;
			children = (
				3355D4B826F4D28400A53C5F /* MainCollectionViewCell.swift */,
				33BE61E926F7387D00B0F99A /* CategoryCollectionViewCell.swift */,
				33FDAB8B26F8B98B00F46D6F /* DeleteTableViewCell.swift */,
				33FDAB8D26F8CACF00F46D6F /* 구분용2.swift */,
				5334DB8D26F1EB9E00B31CAE /* MemoListTableViewCell.swift */,
			);
			path = View;
			sourceTree = "<group>";
		};
		380585EB26E74A0600031956 /* Controller */ = {
			isa = PBXGroup;
			children = (
				380585E126E7498D00031956 /* ViewController */,
			);
			path = Controller;
			sourceTree = "<group>";
		};
		3891D94426FC1A2F00EA9271 /* Storyboard */ = {
			isa = PBXGroup;
			children = (
				380585D826E7467200031956 /* LaunchScreen.storyboard */,
				380E88F026F9E968005F6F6D /* Main.storyboard */,
				3891D94526FC1A5F00EA9271 /* MemoEdit.storyboard */,
			);
			path = Storyboard;
			sourceTree = "<group>";
		};
/* End PBXGroup section */

/* Begin PBXNativeTarget section */
		380585C926E7467000031956 /* StudyMemo */ = {
			isa = PBXNativeTarget;
			buildConfigurationList = 380585DE26E7467200031956 /* Build configuration list for PBXNativeTarget "StudyMemo" */;
			buildPhases = (
				380585C626E7467000031956 /* Sources */,
				380585C726E7467000031956 /* Frameworks */,
				380585C826E7467000031956 /* Resources */,
			);
			buildRules = (
			);
			dependencies = (
			);
			name = StudyMemo;
			productName = StudyMemo;
			productReference = 380585CA26E7467000031956 /* StudyMemo.app */;
			productType = "com.apple.product-type.application";
		};
/* End PBXNativeTarget section */

/* Begin PBXProject section */
		380585C226E7467000031956 /* Project object */ = {
			isa = PBXProject;
			attributes = {
				LastSwiftUpdateCheck = 1250;
				LastUpgradeCheck = 1250;
				TargetAttributes = {
					380585C926E7467000031956 = {
						CreatedOnToolsVersion = 12.5.1;
					};
				};
			};
			buildConfigurationList = 380585C526E7467000031956 /* Build configuration list for PBXProject "StudyMemo" */;
			compatibilityVersion = "Xcode 9.3";
			developmentRegion = en;
			hasScannedForEncodings = 0;
			knownRegions = (
				en,
				Base,
			);
			mainGroup = 380585C126E7467000031956;
			productRefGroup = 380585CB26E7467000031956 /* Products */;
			projectDirPath = "";
			projectRoot = "";
			targets = (
				380585C926E7467000031956 /* StudyMemo */,
			);
		};
/* End PBXProject section */

/* Begin PBXResourcesBuildPhase section */
		380585C826E7467000031956 /* Resources */ = {
			isa = PBXResourcesBuildPhase;
			buildActionMask = 2147483647;
			files = (
				380E88F126F9E968005F6F6D /* Main.storyboard in Resources */,
				380585DA26E7467200031956 /* LaunchScreen.storyboard in Resources */,
				3891D94626FC1A5F00EA9271 /* MemoEdit.storyboard in Resources */,
				380585D726E7467200031956 /* Assets.xcassets in Resources */,
			);
			runOnlyForDeploymentPostprocessing = 0;
		};
/* End PBXResourcesBuildPhase section */

/* Begin PBXSourcesBuildPhase section */
		380585C626E7467000031956 /* Sources */ = {
			isa = PBXSourcesBuildPhase;
			buildActionMask = 2147483647;
			files = (
				33FDAB8C26F8B98B00F46D6F /* DeleteTableViewCell.swift in Sources */,
				380585E526E749C000031956 /* MemoEditViewController.swift in Sources */,
				33FDAB8A26F8B93400F46D6F /* DeleteCategoryViewController.swift in Sources */,
				3891D94A26FCC49D00EA9271 /* CoreDataManager.swift in Sources */,
				33BE61EA26F7387D00B0F99A /* CategoryCollectionViewCell.swift in Sources */,
				3355D4BB26F4D28F00A53C5F /* MainCategoryViewController.swift in Sources */,
				380585D226E7467000031956 /* MainPageViewController.swift in Sources */,
				5334DB8C26F1EB7500B31CAE /* MemoListViewController.swift in Sources */,
				5334DB8E26F1EB9E00B31CAE /* MemoListTableViewCell.swift in Sources */,
				380585CE26E7467000031956 /* AppDelegate.swift in Sources */,
				33FDAB8E26F8CACF00F46D6F /* 구분용2.swift in Sources */,
				380585E726E749E000031956 /* CategoryEditViewController.swift in Sources */,
				3891D94826FCC12000EA9271 /* Memo.swift in Sources */,
				3355D4B926F4D28400A53C5F /* MainCollectionViewCell.swift in Sources */,
				380585D026E7467000031956 /* SceneDelegate.swift in Sources */,
				38A42E5426F21E6000044ADC /* Memo.xcdatamodeld in Sources */,
				33FDAB9026F8CAE500F46D6F /* 구분용1.swift in Sources */,
				3355D4BD26F4D29500A53C5F /* AddCategoryViewController.swift in Sources */,
				33FDAB8826F8B39800F46D6F /* Data.swift in Sources */,
			);
			runOnlyForDeploymentPostprocessing = 0;
		};
/* End PBXSourcesBuildPhase section */

/* Begin PBXVariantGroup section */
		380585D826E7467200031956 /* LaunchScreen.storyboard */ = {
			isa = PBXVariantGroup;
			children = (
				380585D926E7467200031956 /* Base */,
			);
			name = LaunchScreen.storyboard;
			sourceTree = "<group>";
		};
/* End PBXVariantGroup section */

/* Begin XCBuildConfiguration section */
		380585DC26E7467200031956 /* Debug */ = {
			isa = XCBuildConfiguration;
			buildSettings = {
				ALWAYS_SEARCH_USER_PATHS = NO;
				CLANG_ANALYZER_NONNULL = YES;
				CLANG_ANALYZER_NUMBER_OBJECT_CONVERSION = YES_AGGRESSIVE;
				CLANG_CXX_LANGUAGE_STANDARD = "gnu++14";
				CLANG_CXX_LIBRARY = "libc++";
				CLANG_ENABLE_MODULES = YES;
				CLANG_ENABLE_OBJC_ARC = YES;
				CLANG_ENABLE_OBJC_WEAK = YES;
				CLANG_WARN_BLOCK_CAPTURE_AUTORELEASING = YES;
				CLANG_WARN_BOOL_CONVERSION = YES;
				CLANG_WARN_COMMA = YES;
				CLANG_WARN_CONSTANT_CONVERSION = YES;
				CLANG_WARN_DEPRECATED_OBJC_IMPLEMENTATIONS = YES;
				CLANG_WARN_DIRECT_OBJC_ISA_USAGE = YES_ERROR;
				CLANG_WARN_DOCUMENTATION_COMMENTS = YES;
				CLANG_WARN_EMPTY_BODY = YES;
				CLANG_WARN_ENUM_CONVERSION = YES;
				CLANG_WARN_INFINITE_RECURSION = YES;
				CLANG_WARN_INT_CONVERSION = YES;
				CLANG_WARN_NON_LITERAL_NULL_CONVERSION = YES;
				CLANG_WARN_OBJC_IMPLICIT_RETAIN_SELF = YES;
				CLANG_WARN_OBJC_LITERAL_CONVERSION = YES;
				CLANG_WARN_OBJC_ROOT_CLASS = YES_ERROR;
				CLANG_WARN_QUOTED_INCLUDE_IN_FRAMEWORK_HEADER = YES;
				CLANG_WARN_RANGE_LOOP_ANALYSIS = YES;
				CLANG_WARN_STRICT_PROTOTYPES = YES;
				CLANG_WARN_SUSPICIOUS_MOVE = YES;
				CLANG_WARN_UNGUARDED_AVAILABILITY = YES_AGGRESSIVE;
				CLANG_WARN_UNREACHABLE_CODE = YES;
				CLANG_WARN__DUPLICATE_METHOD_MATCH = YES;
				COPY_PHASE_STRIP = NO;
				DEBUG_INFORMATION_FORMAT = dwarf;
				ENABLE_STRICT_OBJC_MSGSEND = YES;
				ENABLE_TESTABILITY = YES;
				GCC_C_LANGUAGE_STANDARD = gnu11;
				GCC_DYNAMIC_NO_PIC = NO;
				GCC_NO_COMMON_BLOCKS = YES;
				GCC_OPTIMIZATION_LEVEL = 0;
				GCC_PREPROCESSOR_DEFINITIONS = (
					"DEBUG=1",
					"$(inherited)",
				);
				GCC_WARN_64_TO_32_BIT_CONVERSION = YES;
				GCC_WARN_ABOUT_RETURN_TYPE = YES_ERROR;
				GCC_WARN_UNDECLARED_SELECTOR = YES;
				GCC_WARN_UNINITIALIZED_AUTOS = YES_AGGRESSIVE;
				GCC_WARN_UNUSED_FUNCTION = YES;
				GCC_WARN_UNUSED_VARIABLE = YES;
				IPHONEOS_DEPLOYMENT_TARGET = 14.5;
				MTL_ENABLE_DEBUG_INFO = INCLUDE_SOURCE;
				MTL_FAST_MATH = YES;
				ONLY_ACTIVE_ARCH = YES;
				SDKROOT = iphoneos;
				SWIFT_ACTIVE_COMPILATION_CONDITIONS = DEBUG;
				SWIFT_OPTIMIZATION_LEVEL = "-Onone";
			};
			name = Debug;
		};
		380585DD26E7467200031956 /* Release */ = {
			isa = XCBuildConfiguration;
			buildSettings = {
				ALWAYS_SEARCH_USER_PATHS = NO;
				CLANG_ANALYZER_NONNULL = YES;
				CLANG_ANALYZER_NUMBER_OBJECT_CONVERSION = YES_AGGRESSIVE;
				CLANG_CXX_LANGUAGE_STANDARD = "gnu++14";
				CLANG_CXX_LIBRARY = "libc++";
				CLANG_ENABLE_MODULES = YES;
				CLANG_ENABLE_OBJC_ARC = YES;
				CLANG_ENABLE_OBJC_WEAK = YES;
				CLANG_WARN_BLOCK_CAPTURE_AUTORELEASING = YES;
				CLANG_WARN_BOOL_CONVERSION = YES;
				CLANG_WARN_COMMA = YES;
				CLANG_WARN_CONSTANT_CONVERSION = YES;
				CLANG_WARN_DEPRECATED_OBJC_IMPLEMENTATIONS = YES;
				CLANG_WARN_DIRECT_OBJC_ISA_USAGE = YES_ERROR;
				CLANG_WARN_DOCUMENTATION_COMMENTS = YES;
				CLANG_WARN_EMPTY_BODY = YES;
				CLANG_WARN_ENUM_CONVERSION = YES;
				CLANG_WARN_INFINITE_RECURSION = YES;
				CLANG_WARN_INT_CONVERSION = YES;
				CLANG_WARN_NON_LITERAL_NULL_CONVERSION = YES;
				CLANG_WARN_OBJC_IMPLICIT_RETAIN_SELF = YES;
				CLANG_WARN_OBJC_LITERAL_CONVERSION = YES;
				CLANG_WARN_OBJC_ROOT_CLASS = YES_ERROR;
				CLANG_WARN_QUOTED_INCLUDE_IN_FRAMEWORK_HEADER = YES;
				CLANG_WARN_RANGE_LOOP_ANALYSIS = YES;
				CLANG_WARN_STRICT_PROTOTYPES = YES;
				CLANG_WARN_SUSPICIOUS_MOVE = YES;
				CLANG_WARN_UNGUARDED_AVAILABILITY = YES_AGGRESSIVE;
				CLANG_WARN_UNREACHABLE_CODE = YES;
				CLANG_WARN__DUPLICATE_METHOD_MATCH = YES;
				COPY_PHASE_STRIP = NO;
				DEBUG_INFORMATION_FORMAT = "dwarf-with-dsym";
				ENABLE_NS_ASSERTIONS = NO;
				ENABLE_STRICT_OBJC_MSGSEND = YES;
				GCC_C_LANGUAGE_STANDARD = gnu11;
				GCC_NO_COMMON_BLOCKS = YES;
				GCC_WARN_64_TO_32_BIT_CONVERSION = YES;
				GCC_WARN_ABOUT_RETURN_TYPE = YES_ERROR;
				GCC_WARN_UNDECLARED_SELECTOR = YES;
				GCC_WARN_UNINITIALIZED_AUTOS = YES_AGGRESSIVE;
				GCC_WARN_UNUSED_FUNCTION = YES;
				GCC_WARN_UNUSED_VARIABLE = YES;
				IPHONEOS_DEPLOYMENT_TARGET = 14.5;
				MTL_ENABLE_DEBUG_INFO = NO;
				MTL_FAST_MATH = YES;
				SDKROOT = iphoneos;
				SWIFT_COMPILATION_MODE = wholemodule;
				SWIFT_OPTIMIZATION_LEVEL = "-O";
				VALIDATE_PRODUCT = YES;
			};
			name = Release;
		};
		380585DF26E7467200031956 /* Debug */ = {
			isa = XCBuildConfiguration;
			buildSettings = {
				ASSETCATALOG_COMPILER_APPICON_NAME = AppIcon;
				ASSETCATALOG_COMPILER_GLOBAL_ACCENT_COLOR_NAME = AccentColor;
				CODE_SIGN_STYLE = Automatic;
				DEVELOPMENT_TEAM = PKQ5ZDCU29;
				INFOPLIST_FILE = StudyMemo/Info.plist;
				LD_RUNPATH_SEARCH_PATHS = (
					"$(inherited)",
					"@executable_path/Frameworks",
				);
				PRODUCT_BUNDLE_IDENTIFIER = "jewon-Tak.StudyMemo";
				PRODUCT_NAME = "$(TARGET_NAME)";
				SWIFT_VERSION = 5.0;
				TARGETED_DEVICE_FAMILY = "1,2";
			};
			name = Debug;
		};
		380585E026E7467200031956 /* Release */ = {
			isa = XCBuildConfiguration;
			buildSettings = {
				ASSETCATALOG_COMPILER_APPICON_NAME = AppIcon;
				ASSETCATALOG_COMPILER_GLOBAL_ACCENT_COLOR_NAME = AccentColor;
				CODE_SIGN_STYLE = Automatic;
				DEVELOPMENT_TEAM = PKQ5ZDCU29;
				INFOPLIST_FILE = StudyMemo/Info.plist;
				LD_RUNPATH_SEARCH_PATHS = (
					"$(inherited)",
					"@executable_path/Frameworks",
				);
				PRODUCT_BUNDLE_IDENTIFIER = "jewon-Tak.StudyMemo";
				PRODUCT_NAME = "$(TARGET_NAME)";
				SWIFT_VERSION = 5.0;
				TARGETED_DEVICE_FAMILY = "1,2";
			};
			name = Release;
		};
/* End XCBuildConfiguration section */

/* Begin XCConfigurationList section */
		380585C526E7467000031956 /* Build configuration list for PBXProject "StudyMemo" */ = {
			isa = XCConfigurationList;
			buildConfigurations = (
				380585DC26E7467200031956 /* Debug */,
				380585DD26E7467200031956 /* Release */,
			);
			defaultConfigurationIsVisible = 0;
			defaultConfigurationName = Release;
		};
		380585DE26E7467200031956 /* Build configuration list for PBXNativeTarget "StudyMemo" */ = {
			isa = XCConfigurationList;
			buildConfigurations = (
				380585DF26E7467200031956 /* Debug */,
				380585E026E7467200031956 /* Release */,
			);
			defaultConfigurationIsVisible = 0;
			defaultConfigurationName = Release;
		};
/* End XCConfigurationList section */

/* Begin XCVersionGroup section */
		38A42E5226F21E6000044ADC /* Memo.xcdatamodeld */ = {
			isa = XCVersionGroup;
			children = (
				38A42E5326F21E6000044ADC /* Memo.xcdatamodel */,
			);
			currentVersion = 38A42E5326F21E6000044ADC /* Memo.xcdatamodel */;
			path = Memo.xcdatamodeld;
			sourceTree = "<group>";
			versionGroupType = wrapper.xcdatamodel;
		};
/* End XCVersionGroup section */
	};
	rootObject = 380585C226E7467000031956 /* Project object */;
}
